// !$*UTF8*$!
{
	archiveVersion = 1;
	classes = {
	};
	objectVersion = 55;
	objects = {

/* Begin PBXBuildFile section */
		E9360F74288721AF00F29AD2 /* main.swift in Sources */ = {isa = PBXBuildFile; fileRef = E9360F73288721AF00F29AD2 /* main.swift */; };
		E9360F7C288721DA00F29AD2 /* Helper.swift in Sources */ = {isa = PBXBuildFile; fileRef = E9360F7B288721DA00F29AD2 /* Helper.swift */; };
		E9360F7E288722E500F29AD2 /* WeatherDescription.swift in Sources */ = {isa = PBXBuildFile; fileRef = E9360F7D288722E500F29AD2 /* WeatherDescription.swift */; };
		E9360F80288723AC00F29AD2 /* WeatherData.swift in Sources */ = {isa = PBXBuildFile; fileRef = E9360F7F288723AC00F29AD2 /* WeatherData.swift */; };
		E9360F822887247C00F29AD2 /* WeatherType.swift in Sources */ = {isa = PBXBuildFile; fileRef = E9360F812887247C00F29AD2 /* WeatherType.swift */; };
		E9360F84288724C000F29AD2 /* RainData.swift in Sources */ = {isa = PBXBuildFile; fileRef = E9360F83288724C000F29AD2 /* RainData.swift */; };
		E9360F8828872CFA00F29AD2 /* TempData.swift in Sources */ = {isa = PBXBuildFile; fileRef = E9360F8728872CFA00F29AD2 /* TempData.swift */; };
		E9360F8A28873E6000F29AD2 /* Alert.swift in Sources */ = {isa = PBXBuildFile; fileRef = E9360F8928873E6000F29AD2 /* Alert.swift */; };
/* End PBXBuildFile section */

/* Begin PBXCopyFilesBuildPhase section */
		E9360F6E288721AF00F29AD2 /* CopyFiles */ = {
			isa = PBXCopyFilesBuildPhase;
			buildActionMask = 2147483647;
			dstPath = /usr/share/man/man1/;
			dstSubfolderSpec = 0;
			files = (
			);
			runOnlyForDeploymentPostprocessing = 1;
		};
/* End PBXCopyFilesBuildPhase section */

/* Begin PBXFileReference section */
		E9360F70288721AF00F29AD2 /* lesson-3.4-json.decoder */ = {isa = PBXFileReference; explicitFileType = "compiled.mach-o.executable"; includeInIndex = 0; path = "lesson-3.4-json.decoder"; sourceTree = BUILT_PRODUCTS_DIR; };
		E9360F73288721AF00F29AD2 /* main.swift */ = {isa = PBXFileReference; lastKnownFileType = sourcecode.swift; path = main.swift; sourceTree = "<group>"; };
		E9360F7B288721DA00F29AD2 /* Helper.swift */ = {isa = PBXFileReference; lastKnownFileType = sourcecode.swift; path = Helper.swift; sourceTree = "<group>"; };
		E9360F7D288722E500F29AD2 /* WeatherDescription.swift */ = {isa = PBXFileReference; lastKnownFileType = sourcecode.swift; path = WeatherDescription.swift; sourceTree = "<group>"; };
		E9360F7F288723AC00F29AD2 /* WeatherData.swift */ = {isa = PBXFileReference; lastKnownFileType = sourcecode.swift; path = WeatherData.swift; sourceTree = "<group>"; };
		E9360F812887247C00F29AD2 /* WeatherType.swift */ = {isa = PBXFileReference; lastKnownFileType = sourcecode.swift; path = WeatherType.swift; sourceTree = "<group>"; };
		E9360F83288724C000F29AD2 /* RainData.swift */ = {isa = PBXFileReference; lastKnownFileType = sourcecode.swift; path = RainData.swift; sourceTree = "<group>"; };
		E9360F8728872CFA00F29AD2 /* TempData.swift */ = {isa = PBXFileReference; lastKnownFileType = sourcecode.swift; path = TempData.swift; sourceTree = "<group>"; };
		E9360F8928873E6000F29AD2 /* Alert.swift */ = {isa = PBXFileReference; lastKnownFileType = sourcecode.swift; path = Alert.swift; sourceTree = "<group>"; };
/* End PBXFileReference section */

/* Begin PBXFrameworksBuildPhase section */
		E9360F6D288721AF00F29AD2 /* Frameworks */ = {
			isa = PBXFrameworksBuildPhase;
			buildActionMask = 2147483647;
			files = (
			);
			runOnlyForDeploymentPostprocessing = 0;
		};
/* End PBXFrameworksBuildPhase section */

/* Begin PBXGroup section */
		E9360F67288721AF00F29AD2 = {
			isa = PBXGroup;
			children = (
				E9360F72288721AF00F29AD2 /* lesson-3.4-json.decoder */,
				E9360F71288721AF00F29AD2 /* Products */,
			);
			sourceTree = "<group>";
		};
		E9360F71288721AF00F29AD2 /* Products */ = {
			isa = PBXGroup;
			children = (
				E9360F70288721AF00F29AD2 /* lesson-3.4-json.decoder */,
			);
			name = Products;
			sourceTree = "<group>";
		};
		E9360F72288721AF00F29AD2 /* lesson-3.4-json.decoder */ = {
			isa = PBXGroup;
			children = (
				E9360F73288721AF00F29AD2 /* main.swift */,
				E9360F7B288721DA00F29AD2 /* Helper.swift */,
				E9360F7A288721BB00F29AD2 /* Model */,
			);
			path = "lesson-3.4-json.decoder";
			sourceTree = "<group>";
		};
		E9360F7A288721BB00F29AD2 /* Model */ = {
			isa = PBXGroup;
			children = (
				E9360F7D288722E500F29AD2 /* WeatherDescription.swift */,
				E9360F7F288723AC00F29AD2 /* WeatherData.swift */,
				E9360F8728872CFA00F29AD2 /* TempData.swift */,
				E9360F83288724C000F29AD2 /* RainData.swift */,
				E9360F812887247C00F29AD2 /* WeatherType.swift */,
				E9360F8928873E6000F29AD2 /* Alert.swift */,
			);
			path = Model;
			sourceTree = "<group>";
		};
/* End PBXGroup section */

/* Begin PBXNativeTarget section */
		E9360F6F288721AF00F29AD2 /* lesson-3.4-json.decoder */ = {
			isa = PBXNativeTarget;
			buildConfigurationList = E9360F77288721AF00F29AD2 /* Build configuration list for PBXNativeTarget "lesson-3.4-json.decoder" */;
			buildPhases = (
				E9360F6C288721AF00F29AD2 /* Sources */,
				E9360F6D288721AF00F29AD2 /* Frameworks */,
				E9360F6E288721AF00F29AD2 /* CopyFiles */,
			);
			buildRules = (
			);
			dependencies = (
			);
			name = "lesson-3.4-json.decoder";
			productName = "lesson-3.4-json.decoder";
			productReference = E9360F70288721AF00F29AD2 /* lesson-3.4-json.decoder */;
			productType = "com.apple.product-type.tool";
		};
/* End PBXNativeTarget section */

/* Begin PBXProject section */
		E9360F68288721AF00F29AD2 /* Project object */ = {
			isa = PBXProject;
			attributes = {
				BuildIndependentTargetsInParallel = 1;
				LastSwiftUpdateCheck = 1340;
				LastUpgradeCheck = 1340;
				TargetAttributes = {
					E9360F6F288721AF00F29AD2 = {
						CreatedOnToolsVersion = 13.4.1;
					};
				};
			};
			buildConfigurationList = E9360F6B288721AF00F29AD2 /* Build configuration list for PBXProject "lesson-3.4-json.decoder" */;
			compatibilityVersion = "Xcode 13.0";
			developmentRegion = en;
			hasScannedForEncodings = 0;
			knownRegions = (
				en,
				Base,
			);
			mainGroup = E9360F67288721AF00F29AD2;
			productRefGroup = E9360F71288721AF00F29AD2 /* Products */;
			projectDirPath = "";
			projectRoot = "";
			targets = (
				E9360F6F288721AF00F29AD2 /* lesson-3.4-json.decoder */,
			);
		};
/* End PBXProject section */

/* Begin PBXSourcesBuildPhase section */
		E9360F6C288721AF00F29AD2 /* Sources */ = {
			isa = PBXSourcesBuildPhase;
			buildActionMask = 2147483647;
			files = (
				E9360F822887247C00F29AD2 /* WeatherType.swift in Sources */,
				E9360F7C288721DA00F29AD2 /* Helper.swift in Sources */,
				E9360F7E288722E500F29AD2 /* WeatherDescription.swift in Sources */,
				E9360F80288723AC00F29AD2 /* WeatherData.swift in Sources */,
				E9360F74288721AF00F29AD2 /* main.swift in Sources */,
				E9360F8828872CFA00F29AD2 /* TempData.swift in Sources */,
				E9360F8A28873E6000F29AD2 /* Alert.swift in Sources */,
				E9360F84288724C000F29AD2 /* RainData.swift in Sources */,
			);
			runOnlyForDeploymentPostprocessing = 0;
		};
/* End PBXSourcesBuildPhase section */

/* Begin XCBuildConfiguration section */
		E9360F75288721AF00F29AD2 /* Debug */ = {
			isa = XCBuildConfiguration;
			buildSettings = {
				ALWAYS_SEARCH_USER_PATHS = NO;
				CLANG_ANALYZER_NONNULL = YES;
				CLANG_ANALYZER_NUMBER_OBJECT_CONVERSION = YES_AGGRESSIVE;
				CLANG_CXX_LANGUAGE_STANDARD = "gnu++17";
				CLANG_ENABLE_MODULES = YES;
				CLANG_ENABLE_OBJC_ARC = YES;
				CLANG_ENABLE_OBJC_WEAK = YES;
				CLANG_WARN_BLOCK_CAPTURE_AUTORELEASING = YES;
				CLANG_WARN_BOOL_CONVERSION = YES;
				CLANG_WARN_COMMA = YES;
				CLANG_WARN_CONSTANT_CONVERSION = YES;
				CLANG_WARN_DEPRECATED_OBJC_IMPLEMENTATIONS = YES;
				CLANG_WARN_DIRECT_OBJC_ISA_USAGE = YES_ERROR;
				CLANG_WARN_DOCUMENTATION_COMMENTS = YES;
				CLANG_WARN_EMPTY_BODY = YES;
				CLANG_WARN_ENUM_CONVERSION = YES;
				CLANG_WARN_INFINITE_RECURSION = YES;
				CLANG_WARN_INT_CONVERSION = YES;
				CLANG_WARN_NON_LITERAL_NULL_CONVERSION = YES;
				CLANG_WARN_OBJC_IMPLICIT_RETAIN_SELF = YES;
				CLANG_WARN_OBJC_LITERAL_CONVERSION = YES;
				CLANG_WARN_OBJC_ROOT_CLASS = YES_ERROR;
				CLANG_WARN_QUOTED_INCLUDE_IN_FRAMEWORK_HEADER = YES;
				CLANG_WARN_RANGE_LOOP_ANALYSIS = YES;
				CLANG_WARN_STRICT_PROTOTYPES = YES;
				CLANG_WARN_SUSPICIOUS_MOVE = YES;
				CLANG_WARN_UNGUARDED_AVAILABILITY = YES_AGGRESSIVE;
				CLANG_WARN_UNREACHABLE_CODE = YES;
				CLANG_WARN__DUPLICATE_METHOD_MATCH = YES;
				COPY_PHASE_STRIP = NO;
				DEBUG_INFORMATION_FORMAT = dwarf;
				ENABLE_STRICT_OBJC_MSGSEND = YES;
				ENABLE_TESTABILITY = YES;
				GCC_C_LANGUAGE_STANDARD = gnu11;
				GCC_DYNAMIC_NO_PIC = NO;
				GCC_NO_COMMON_BLOCKS = YES;
				GCC_OPTIMIZATION_LEVEL = 0;
				GCC_PREPROCESSOR_DEFINITIONS = (
					"DEBUG=1",
					"$(inherited)",
				);
				GCC_WARN_64_TO_32_BIT_CONVERSION = YES;
				GCC_WARN_ABOUT_RETURN_TYPE = YES_ERROR;
				GCC_WARN_UNDECLARED_SELECTOR = YES;
				GCC_WARN_UNINITIALIZED_AUTOS = YES_AGGRESSIVE;
				GCC_WARN_UNUSED_FUNCTION = YES;
				GCC_WARN_UNUSED_VARIABLE = YES;
				MACOSX_DEPLOYMENT_TARGET = 12.3;
				MTL_ENABLE_DEBUG_INFO = INCLUDE_SOURCE;
				MTL_FAST_MATH = YES;
				ONLY_ACTIVE_ARCH = YES;
				SDKROOT = macosx;
				SWIFT_ACTIVE_COMPILATION_CONDITIONS = DEBUG;
				SWIFT_OPTIMIZATION_LEVEL = "-Onone";
			};
			name = Debug;
		};
		E9360F76288721AF00F29AD2 /* Release */ = {
			isa = XCBuildConfiguration;
			buildSettings = {
				ALWAYS_SEARCH_USER_PATHS = NO;
				CLANG_ANALYZER_NONNULL = YES;
				CLANG_ANALYZER_NUMBER_OBJECT_CONVERSION = YES_AGGRESSIVE;
				CLANG_CXX_LANGUAGE_STANDARD = "gnu++17";
				CLANG_ENABLE_MODULES = YES;
				CLANG_ENABLE_OBJC_ARC = YES;
				CLANG_ENABLE_OBJC_WEAK = YES;
				CLANG_WARN_BLOCK_CAPTURE_AUTORELEASING = YES;
				CLANG_WARN_BOOL_CONVERSION = YES;
				CLANG_WARN_COMMA = YES;
				CLANG_WARN_CONSTANT_CONVERSION = YES;
				CLANG_WARN_DEPRECATED_OBJC_IMPLEMENTATIONS = YES;
				CLANG_WARN_DIRECT_OBJC_ISA_USAGE = YES_ERROR;
				CLANG_WARN_DOCUMENTATION_COMMENTS = YES;
				CLANG_WARN_EMPTY_BODY = YES;
				CLANG_WARN_ENUM_CONVERSION = YES;
				CLANG_WARN_INFINITE_RECURSION = YES;
				CLANG_WARN_INT_CONVERSION = YES;
				CLANG_WARN_NON_LITERAL_NULL_CONVERSION = YES;
				CLANG_WARN_OBJC_IMPLICIT_RETAIN_SELF = YES;
				CLANG_WARN_OBJC_LITERAL_CONVERSION = YES;
				CLANG_WARN_OBJC_ROOT_CLASS = YES_ERROR;
				CLANG_WARN_QUOTED_INCLUDE_IN_FRAMEWORK_HEADER = YES;
				CLANG_WARN_RANGE_LOOP_ANALYSIS = YES;
				CLANG_WARN_STRICT_PROTOTYPES = YES;
				CLANG_WARN_SUSPICIOUS_MOVE = YES;
				CLANG_WARN_UNGUARDED_AVAILABILITY = YES_AGGRESSIVE;
				CLANG_WARN_UNREACHABLE_CODE = YES;
				CLANG_WARN__DUPLICATE_METHOD_MATCH = YES;
				COPY_PHASE_STRIP = NO;
				DEBUG_INFORMATION_FORMAT = "dwarf-with-dsym";
				ENABLE_NS_ASSERTIONS = NO;
				ENABLE_STRICT_OBJC_MSGSEND = YES;
				GCC_C_LANGUAGE_STANDARD = gnu11;
				GCC_NO_COMMON_BLOCKS = YES;
				GCC_WARN_64_TO_32_BIT_CONVERSION = YES;
				GCC_WARN_ABOUT_RETURN_TYPE = YES_ERROR;
				GCC_WARN_UNDECLARED_SELECTOR = YES;
				GCC_WARN_UNINITIALIZED_AUTOS = YES_AGGRESSIVE;
				GCC_WARN_UNUSED_FUNCTION = YES;
				GCC_WARN_UNUSED_VARIABLE = YES;
				MACOSX_DEPLOYMENT_TARGET = 12.3;
				MTL_ENABLE_DEBUG_INFO = NO;
				MTL_FAST_MATH = YES;
				SDKROOT = macosx;
				SWIFT_COMPILATION_MODE = wholemodule;
				SWIFT_OPTIMIZATION_LEVEL = "-O";
			};
			name = Release;
		};
		E9360F78288721AF00F29AD2 /* Debug */ = {
			isa = XCBuildConfiguration;
			buildSettings = {
				CODE_SIGN_STYLE = Automatic;
				DEVELOPMENT_TEAM = T485BBUDS7;
				ENABLE_HARDENED_RUNTIME = YES;
				PRODUCT_NAME = "$(TARGET_NAME)";
				SWIFT_VERSION = 5.0;
			};
			name = Debug;
		};
		E9360F79288721AF00F29AD2 /* Release */ = {
			isa = XCBuildConfiguration;
			buildSettings = {
				CODE_SIGN_STYLE = Automatic;
				DEVELOPMENT_TEAM = T485BBUDS7;
				ENABLE_HARDENED_RUNTIME = YES;
				PRODUCT_NAME = "$(TARGET_NAME)";
				SWIFT_VERSION = 5.0;
			};
			name = Release;
		};
/* End XCBuildConfiguration section */

/* Begin XCConfigurationList section */
		E9360F6B288721AF00F29AD2 /* Build configuration list for PBXProject "lesson-3.4-json.decoder" */ = {
			isa = XCConfigurationList;
			buildConfigurations = (
				E9360F75288721AF00F29AD2 /* Debug */,
				E9360F76288721AF00F29AD2 /* Release */,
			);
			defaultConfigurationIsVisible = 0;
			defaultConfigurationName = Release;
		};
		E9360F77288721AF00F29AD2 /* Build configuration list for PBXNativeTarget "lesson-3.4-json.decoder" */ = {
			isa = XCConfigurationList;
			buildConfigurations = (
				E9360F78288721AF00F29AD2 /* Debug */,
				E9360F79288721AF00F29AD2 /* Release */,
			);
			defaultConfigurationIsVisible = 0;
			defaultConfigurationName = Release;
		};
/* End XCConfigurationList section */
	};
	rootObject = E9360F68288721AF00F29AD2 /* Project object */;
}
