// !$*UTF8*$!
{
	archiveVersion = 1;
	classes = {
	};
	objectVersion = 55;
	objects = {

/* Begin PBXBuildFile section */
		E65AE5797D2A536824382EB3 /* Pods_vk.framework in Frameworks */ = {isa = PBXBuildFile; fileRef = FD48910594FE4FAF0F1FB96D /* Pods_vk.framework */; };
		E9186E1F287C4D6700B81856 /* WKWebViewController.swift in Sources */ = {isa = PBXBuildFile; fileRef = E9186E1E287C4D6700B81856 /* WKWebViewController.swift */; };
		E91E56CE28A173BB0085D7EC /* RealmFriend.swift in Sources */ = {isa = PBXBuildFile; fileRef = E91E56CD28A173BB0085D7EC /* RealmFriend.swift */; };
		E91E56D128A1749E0085D7EC /* RealmCity.swift in Sources */ = {isa = PBXBuildFile; fileRef = E91E56D028A1749E0085D7EC /* RealmCity.swift */; };
		E91E56D728A1758F0085D7EC /* RealmGroup.swift in Sources */ = {isa = PBXBuildFile; fileRef = E91E56D628A1758F0085D7EC /* RealmGroup.swift */; };
		E91E56D928A176480085D7EC /* Gate.swift in Sources */ = {isa = PBXBuildFile; fileRef = E91E56D828A176480085D7EC /* Gate.swift */; };
		E91E56DB28A17B5B0085D7EC /* Friend.swift in Sources */ = {isa = PBXBuildFile; fileRef = E91E56DA28A17B5B0085D7EC /* Friend.swift */; };
		E91E56DD28A17BC80085D7EC /* City.swift in Sources */ = {isa = PBXBuildFile; fileRef = E91E56DC28A17BC80085D7EC /* City.swift */; };
		E91E56DF28A1B5AD0085D7EC /* Group.swift in Sources */ = {isa = PBXBuildFile; fileRef = E91E56DE28A1B5AD0085D7EC /* Group.swift */; };
		E967BDE4284C9F7100B6C2B2 /* Resources.swift in Sources */ = {isa = PBXBuildFile; fileRef = E967BDE3284C9F7100B6C2B2 /* Resources.swift */; };
		E96B91622845650200960540 /* MyGroupsViewController.swift in Sources */ = {isa = PBXBuildFile; fileRef = E96B91612845650200960540 /* MyGroupsViewController.swift */; };
		E96B91662845677200960540 /* MyFiendsViewController.swift in Sources */ = {isa = PBXBuildFile; fileRef = E96B91652845677200960540 /* MyFiendsViewController.swift */; };
		E96F4CF42837DC89008396D2 /* AppDelegate.swift in Sources */ = {isa = PBXBuildFile; fileRef = E96F4CF32837DC89008396D2 /* AppDelegate.swift */; };
		E96F4CF62837DC89008396D2 /* SceneDelegate.swift in Sources */ = {isa = PBXBuildFile; fileRef = E96F4CF52837DC89008396D2 /* SceneDelegate.swift */; };
		E96F4CFB2837DC89008396D2 /* Main.storyboard in Resources */ = {isa = PBXBuildFile; fileRef = E96F4CF92837DC89008396D2 /* Main.storyboard */; };
		E96F4CFD2837DC8D008396D2 /* Assets.xcassets in Resources */ = {isa = PBXBuildFile; fileRef = E96F4CFC2837DC8D008396D2 /* Assets.xcassets */; };
		E96F4D002837DC8D008396D2 /* LaunchScreen.storyboard in Resources */ = {isa = PBXBuildFile; fileRef = E96F4CFE2837DC8D008396D2 /* LaunchScreen.storyboard */; };
		E975C48E287B4406000C55F6 /* Networker.swift in Sources */ = {isa = PBXBuildFile; fileRef = E975C48D287B4406000C55F6 /* Networker.swift */; };
		E99361D6289AFF89001C671D /* FriendTableViewCell.swift in Sources */ = {isa = PBXBuildFile; fileRef = E99361D4289AFF89001C671D /* FriendTableViewCell.swift */; };
		E99361D7289AFF89001C671D /* FriendTableViewCell.xib in Resources */ = {isa = PBXBuildFile; fileRef = E99361D5289AFF89001C671D /* FriendTableViewCell.xib */; };
		E99361D9289B0074001C671D /* VKCity.swift in Sources */ = {isa = PBXBuildFile; fileRef = E99361D8289B0074001C671D /* VKCity.swift */; };
		E99361DB289B19BA001C671D /* VKLastSeen.swift in Sources */ = {isa = PBXBuildFile; fileRef = E99361DA289B19BA001C671D /* VKLastSeen.swift */; };
		E99361DD289B1AFF001C671D /* FriendViewController.swift in Sources */ = {isa = PBXBuildFile; fileRef = E99361DC289B1AFF001C671D /* FriendViewController.swift */; };
		E9A813AF28A40C95007DCAB4 /* ImageFromVK.swift in Sources */ = {isa = PBXBuildFile; fileRef = E9A813AE28A40C95007DCAB4 /* ImageFromVK.swift */; };
		E9C4F312289C560300857AA4 /* GroupTableViewCell.swift in Sources */ = {isa = PBXBuildFile; fileRef = E9C4F310289C560300857AA4 /* GroupTableViewCell.swift */; };
		E9C4F313289C560300857AA4 /* GroupTableViewCell.xib in Resources */ = {isa = PBXBuildFile; fileRef = E9C4F311289C560300857AA4 /* GroupTableViewCell.xib */; };
		E9C4F315289C5D2A00857AA4 /* GroupViewController.swift in Sources */ = {isa = PBXBuildFile; fileRef = E9C4F314289C5D2A00857AA4 /* GroupViewController.swift */; };
		E9D4C3442850B85700825C89 /* AvatarView.swift in Sources */ = {isa = PBXBuildFile; fileRef = E9D4C3432850B85700825C89 /* AvatarView.swift */; };
		E9D4C3472850B87C00825C89 /* AvatarView.xib in Resources */ = {isa = PBXBuildFile; fileRef = E9D4C3462850B87C00825C89 /* AvatarView.xib */; };
		E9E38D67287F0075006D8314 /* VKFriend.swift in Sources */ = {isa = PBXBuildFile; fileRef = E9E38D66287F0075006D8314 /* VKFriend.swift */; };
		E9E38D69287F02D4006D8314 /* VKResponse.swift in Sources */ = {isa = PBXBuildFile; fileRef = E9E38D68287F02D4006D8314 /* VKResponse.swift */; };
		E9E38D6B287F33C1006D8314 /* UserData.swift in Sources */ = {isa = PBXBuildFile; fileRef = E9E38D6A287F33C1006D8314 /* UserData.swift */; };
		E9E38D6D287F351A006D8314 /* VKPhoto.swift in Sources */ = {isa = PBXBuildFile; fileRef = E9E38D6C287F351A006D8314 /* VKPhoto.swift */; };
		E9E38D6F287F3721006D8314 /* VKPhotoSize.swift in Sources */ = {isa = PBXBuildFile; fileRef = E9E38D6E287F3721006D8314 /* VKPhotoSize.swift */; };
		E9E38D71287F3B79006D8314 /* VKGroup.swift in Sources */ = {isa = PBXBuildFile; fileRef = E9E38D70287F3B79006D8314 /* VKGroup.swift */; };
		E9E6DA662875BA44005E3E8B /* Session.swift in Sources */ = {isa = PBXBuildFile; fileRef = E9E6DA652875BA44005E3E8B /* Session.swift */; };
		E9F3AF69284DEE8A003710B3 /* PhotoCollectionViewCell.swift in Sources */ = {isa = PBXBuildFile; fileRef = E9F3AF67284DEE8A003710B3 /* PhotoCollectionViewCell.swift */; };
		E9F3AF6A284DEE8A003710B3 /* PhotoCollectionViewCell.xib in Resources */ = {isa = PBXBuildFile; fileRef = E9F3AF68284DEE8A003710B3 /* PhotoCollectionViewCell.xib */; };
/* End PBXBuildFile section */

/* Begin PBXFileReference section */
		DCA0EBAEFF917C5553CB4490 /* Pods-vk.release.xcconfig */ = {isa = PBXFileReference; includeInIndex = 1; lastKnownFileType = text.xcconfig; name = "Pods-vk.release.xcconfig"; path = "Target Support Files/Pods-vk/Pods-vk.release.xcconfig"; sourceTree = "<group>"; };
		E9186E1E287C4D6700B81856 /* WKWebViewController.swift */ = {isa = PBXFileReference; lastKnownFileType = sourcecode.swift; path = WKWebViewController.swift; sourceTree = "<group>"; };
		E91E56CD28A173BB0085D7EC /* RealmFriend.swift */ = {isa = PBXFileReference; lastKnownFileType = sourcecode.swift; path = RealmFriend.swift; sourceTree = "<group>"; };
		E91E56D028A1749E0085D7EC /* RealmCity.swift */ = {isa = PBXFileReference; lastKnownFileType = sourcecode.swift; path = RealmCity.swift; sourceTree = "<group>"; };
		E91E56D628A1758F0085D7EC /* RealmGroup.swift */ = {isa = PBXFileReference; lastKnownFileType = sourcecode.swift; path = RealmGroup.swift; sourceTree = "<group>"; };
		E91E56D828A176480085D7EC /* Gate.swift */ = {isa = PBXFileReference; lastKnownFileType = sourcecode.swift; path = Gate.swift; sourceTree = "<group>"; };
		E91E56DA28A17B5B0085D7EC /* Friend.swift */ = {isa = PBXFileReference; lastKnownFileType = sourcecode.swift; path = Friend.swift; sourceTree = "<group>"; };
		E91E56DC28A17BC80085D7EC /* City.swift */ = {isa = PBXFileReference; lastKnownFileType = sourcecode.swift; path = City.swift; sourceTree = "<group>"; };
		E91E56DE28A1B5AD0085D7EC /* Group.swift */ = {isa = PBXFileReference; lastKnownFileType = sourcecode.swift; path = Group.swift; sourceTree = "<group>"; };
		E967BDE3284C9F7100B6C2B2 /* Resources.swift */ = {isa = PBXFileReference; lastKnownFileType = sourcecode.swift; path = Resources.swift; sourceTree = "<group>"; };
		E96B91612845650200960540 /* MyGroupsViewController.swift */ = {isa = PBXFileReference; lastKnownFileType = sourcecode.swift; path = MyGroupsViewController.swift; sourceTree = "<group>"; };
		E96B91652845677200960540 /* MyFiendsViewController.swift */ = {isa = PBXFileReference; lastKnownFileType = sourcecode.swift; path = MyFiendsViewController.swift; sourceTree = "<group>"; };
		E96F4CF02837DC89008396D2 /* vk.app */ = {isa = PBXFileReference; explicitFileType = wrapper.application; includeInIndex = 0; path = vk.app; sourceTree = BUILT_PRODUCTS_DIR; };
		E96F4CF32837DC89008396D2 /* AppDelegate.swift */ = {isa = PBXFileReference; lastKnownFileType = sourcecode.swift; path = AppDelegate.swift; sourceTree = "<group>"; };
		E96F4CF52837DC89008396D2 /* SceneDelegate.swift */ = {isa = PBXFileReference; lastKnownFileType = sourcecode.swift; path = SceneDelegate.swift; sourceTree = "<group>"; };
		E96F4CFA2837DC89008396D2 /* Base */ = {isa = PBXFileReference; lastKnownFileType = file.storyboard; name = Base; path = Base.lproj/Main.storyboard; sourceTree = "<group>"; };
		E96F4CFC2837DC8D008396D2 /* Assets.xcassets */ = {isa = PBXFileReference; lastKnownFileType = folder.assetcatalog; path = Assets.xcassets; sourceTree = "<group>"; };
		E96F4CFF2837DC8D008396D2 /* Base */ = {isa = PBXFileReference; lastKnownFileType = file.storyboard; name = Base; path = Base.lproj/LaunchScreen.storyboard; sourceTree = "<group>"; };
		E96F4D012837DC8D008396D2 /* Info.plist */ = {isa = PBXFileReference; lastKnownFileType = text.plist.xml; path = Info.plist; sourceTree = "<group>"; };
		E975C48D287B4406000C55F6 /* Networker.swift */ = {isa = PBXFileReference; lastKnownFileType = sourcecode.swift; path = Networker.swift; sourceTree = "<group>"; };
		E99361D4289AFF89001C671D /* FriendTableViewCell.swift */ = {isa = PBXFileReference; lastKnownFileType = sourcecode.swift; path = FriendTableViewCell.swift; sourceTree = "<group>"; };
		E99361D5289AFF89001C671D /* FriendTableViewCell.xib */ = {isa = PBXFileReference; lastKnownFileType = file.xib; path = FriendTableViewCell.xib; sourceTree = "<group>"; };
		E99361D8289B0074001C671D /* VKCity.swift */ = {isa = PBXFileReference; lastKnownFileType = sourcecode.swift; path = VKCity.swift; sourceTree = "<group>"; };
		E99361DA289B19BA001C671D /* VKLastSeen.swift */ = {isa = PBXFileReference; lastKnownFileType = sourcecode.swift; path = VKLastSeen.swift; sourceTree = "<group>"; };
		E99361DC289B1AFF001C671D /* FriendViewController.swift */ = {isa = PBXFileReference; lastKnownFileType = sourcecode.swift; path = FriendViewController.swift; sourceTree = "<group>"; };
		E9A813AE28A40C95007DCAB4 /* ImageFromVK.swift */ = {isa = PBXFileReference; lastKnownFileType = sourcecode.swift; path = ImageFromVK.swift; sourceTree = "<group>"; };
		E9C4F310289C560300857AA4 /* GroupTableViewCell.swift */ = {isa = PBXFileReference; lastKnownFileType = sourcecode.swift; path = GroupTableViewCell.swift; sourceTree = "<group>"; };
		E9C4F311289C560300857AA4 /* GroupTableViewCell.xib */ = {isa = PBXFileReference; lastKnownFileType = file.xib; path = GroupTableViewCell.xib; sourceTree = "<group>"; };
		E9C4F314289C5D2A00857AA4 /* GroupViewController.swift */ = {isa = PBXFileReference; lastKnownFileType = sourcecode.swift; path = GroupViewController.swift; sourceTree = "<group>"; };
		E9D4C3432850B85700825C89 /* AvatarView.swift */ = {isa = PBXFileReference; lastKnownFileType = sourcecode.swift; path = AvatarView.swift; sourceTree = "<group>"; };
		E9D4C3462850B87C00825C89 /* AvatarView.xib */ = {isa = PBXFileReference; lastKnownFileType = file.xib; path = AvatarView.xib; sourceTree = "<group>"; };
		E9E38D66287F0075006D8314 /* VKFriend.swift */ = {isa = PBXFileReference; lastKnownFileType = sourcecode.swift; path = VKFriend.swift; sourceTree = "<group>"; };
		E9E38D68287F02D4006D8314 /* VKResponse.swift */ = {isa = PBXFileReference; lastKnownFileType = sourcecode.swift; path = VKResponse.swift; sourceTree = "<group>"; };
		E9E38D6A287F33C1006D8314 /* UserData.swift */ = {isa = PBXFileReference; lastKnownFileType = sourcecode.swift; path = UserData.swift; sourceTree = "<group>"; };
		E9E38D6C287F351A006D8314 /* VKPhoto.swift */ = {isa = PBXFileReference; lastKnownFileType = sourcecode.swift; path = VKPhoto.swift; sourceTree = "<group>"; };
		E9E38D6E287F3721006D8314 /* VKPhotoSize.swift */ = {isa = PBXFileReference; lastKnownFileType = sourcecode.swift; path = VKPhotoSize.swift; sourceTree = "<group>"; };
		E9E38D70287F3B79006D8314 /* VKGroup.swift */ = {isa = PBXFileReference; lastKnownFileType = sourcecode.swift; path = VKGroup.swift; sourceTree = "<group>"; };
		E9E6DA652875BA44005E3E8B /* Session.swift */ = {isa = PBXFileReference; lastKnownFileType = sourcecode.swift; path = Session.swift; sourceTree = "<group>"; };
		E9F3AF67284DEE8A003710B3 /* PhotoCollectionViewCell.swift */ = {isa = PBXFileReference; lastKnownFileType = sourcecode.swift; path = PhotoCollectionViewCell.swift; sourceTree = "<group>"; };
		E9F3AF68284DEE8A003710B3 /* PhotoCollectionViewCell.xib */ = {isa = PBXFileReference; lastKnownFileType = file.xib; path = PhotoCollectionViewCell.xib; sourceTree = "<group>"; };
		F69E18D467A617516BA6BD82 /* Pods-vk.debug.xcconfig */ = {isa = PBXFileReference; includeInIndex = 1; lastKnownFileType = text.xcconfig; name = "Pods-vk.debug.xcconfig"; path = "Target Support Files/Pods-vk/Pods-vk.debug.xcconfig"; sourceTree = "<group>"; };
		FD48910594FE4FAF0F1FB96D /* Pods_vk.framework */ = {isa = PBXFileReference; explicitFileType = wrapper.framework; includeInIndex = 0; path = Pods_vk.framework; sourceTree = BUILT_PRODUCTS_DIR; };
/* End PBXFileReference section */

/* Begin PBXFrameworksBuildPhase section */
		E96F4CED2837DC89008396D2 /* Frameworks */ = {
			isa = PBXFrameworksBuildPhase;
			buildActionMask = 2147483647;
			files = (
				E65AE5797D2A536824382EB3 /* Pods_vk.framework in Frameworks */,
			);
			runOnlyForDeploymentPostprocessing = 0;
		};
/* End PBXFrameworksBuildPhase section */

/* Begin PBXGroup section */
		0B44359BE0F6D89B23D70E1A /* Pods */ = {
			isa = PBXGroup;
			children = (
				F69E18D467A617516BA6BD82 /* Pods-vk.debug.xcconfig */,
				DCA0EBAEFF917C5553CB4490 /* Pods-vk.release.xcconfig */,
			);
			path = Pods;
			sourceTree = "<group>";
		};
		3EE3084FC4C2674489997F34 /* Frameworks */ = {
			isa = PBXGroup;
			children = (
				FD48910594FE4FAF0F1FB96D /* Pods_vk.framework */,
			);
			name = Frameworks;
			sourceTree = "<group>";
		};
		E91E56CA28A173460085D7EC /* Friends */ = {
			isa = PBXGroup;
			children = (
				E9E38D66287F0075006D8314 /* VKFriend.swift */,
				E91E56CD28A173BB0085D7EC /* RealmFriend.swift */,
				E91E56DA28A17B5B0085D7EC /* Friend.swift */,
			);
			path = Friends;
			sourceTree = "<group>";
		};
		E91E56CF28A1748A0085D7EC /* City */ = {
			isa = PBXGroup;
			children = (
				E99361D8289B0074001C671D /* VKCity.swift */,
				E91E56D028A1749E0085D7EC /* RealmCity.swift */,
				E91E56DC28A17BC80085D7EC /* City.swift */,
			);
			path = City;
			sourceTree = "<group>";
		};
		E91E56D528A175790085D7EC /* Groups */ = {
			isa = PBXGroup;
			children = (
				E9E38D70287F3B79006D8314 /* VKGroup.swift */,
				E91E56D628A1758F0085D7EC /* RealmGroup.swift */,
				E91E56DE28A1B5AD0085D7EC /* Group.swift */,
			);
			path = Groups;
			sourceTree = "<group>";
		};
		E967BDE2284C9F4000B6C2B2 /* Views */ = {
			isa = PBXGroup;
			children = (
				E96F4CFE2837DC8D008396D2 /* LaunchScreen.storyboard */,
				E96F4CF92837DC89008396D2 /* Main.storyboard */,
			);
			path = Views;
			sourceTree = "<group>";
		};
		E96B91602845557E00960540 /* Controllers */ = {
			isa = PBXGroup;
			children = (
				E9C4F30E289C4EEA00857AA4 /* Groups */,
				E99361D2289AFB25001C671D /* Friends */,
				E9CA75DD2847B06C00C6DE45 /* Cells */,
				E9186E1E287C4D6700B81856 /* WKWebViewController.swift */,
			);
			path = Controllers;
			sourceTree = "<group>";
		};
		E96F4CE72837DC89008396D2 = {
			isa = PBXGroup;
			children = (
				E96F4CF22837DC89008396D2 /* vk */,
				E96F4CF12837DC89008396D2 /* Products */,
				0B44359BE0F6D89B23D70E1A /* Pods */,
				3EE3084FC4C2674489997F34 /* Frameworks */,
			);
			sourceTree = "<group>";
		};
		E96F4CF12837DC89008396D2 /* Products */ = {
			isa = PBXGroup;
			children = (
				E96F4CF02837DC89008396D2 /* vk.app */,
			);
			name = Products;
			sourceTree = "<group>";
		};
		E96F4CF22837DC89008396D2 /* vk */ = {
			isa = PBXGroup;
			children = (
				E967BDE3284C9F7100B6C2B2 /* Resources.swift */,
				E9E38D6A287F33C1006D8314 /* UserData.swift */,
				E9E6DA652875BA44005E3E8B /* Session.swift */,
				E975C48D287B4406000C55F6 /* Networker.swift */,
				E91E56D828A176480085D7EC /* Gate.swift */,
				E9CA75DC2847B04F00C6DE45 /* Models */,
				E9CA75DB2847B03400C6DE45 /* System */,
				E96B91602845557E00960540 /* Controllers */,
				E967BDE2284C9F4000B6C2B2 /* Views */,
				E96F4CFC2837DC8D008396D2 /* Assets.xcassets */,
				E96F4D012837DC8D008396D2 /* Info.plist */,
			);
			path = vk;
			sourceTree = "<group>";
		};
		E99361D2289AFB25001C671D /* Friends */ = {
			isa = PBXGroup;
			children = (
				E99361D3289AFE8B001C671D /* Cells */,
				E96B91652845677200960540 /* MyFiendsViewController.swift */,
				E99361DC289B1AFF001C671D /* FriendViewController.swift */,
			);
			path = Friends;
			sourceTree = "<group>";
		};
		E99361D3289AFE8B001C671D /* Cells */ = {
			isa = PBXGroup;
			children = (
				E99361D4289AFF89001C671D /* FriendTableViewCell.swift */,
				E99361D5289AFF89001C671D /* FriendTableViewCell.xib */,
			);
			path = Cells;
			sourceTree = "<group>";
		};
		E9C4F30E289C4EEA00857AA4 /* Groups */ = {
			isa = PBXGroup;
			children = (
				E9C4F30F289C55D400857AA4 /* Cells */,
				E96B91612845650200960540 /* MyGroupsViewController.swift */,
				E9C4F314289C5D2A00857AA4 /* GroupViewController.swift */,
			);
			path = Groups;
			sourceTree = "<group>";
		};
		E9C4F30F289C55D400857AA4 /* Cells */ = {
			isa = PBXGroup;
			children = (
				E9C4F310289C560300857AA4 /* GroupTableViewCell.swift */,
				E9C4F311289C560300857AA4 /* GroupTableViewCell.xib */,
			);
			path = Cells;
			sourceTree = "<group>";
		};
		E9CA75DB2847B03400C6DE45 /* System */ = {
			isa = PBXGroup;
			children = (
				E96F4CF32837DC89008396D2 /* AppDelegate.swift */,
				E96F4CF52837DC89008396D2 /* SceneDelegate.swift */,
			);
			name = System;
			sourceTree = "<group>";
		};
		E9CA75DC2847B04F00C6DE45 /* Models */ = {
			isa = PBXGroup;
			children = (
				E91E56D528A175790085D7EC /* Groups */,
				E91E56CF28A1748A0085D7EC /* City */,
				E91E56CA28A173460085D7EC /* Friends */,
				E99361DA289B19BA001C671D /* VKLastSeen.swift */,
				E9E38D68287F02D4006D8314 /* VKResponse.swift */,
				E9E38D6C287F351A006D8314 /* VKPhoto.swift */,
				E9A813AE28A40C95007DCAB4 /* ImageFromVK.swift */,
				E9E38D6E287F3721006D8314 /* VKPhotoSize.swift */,
			);
			path = Models;
			sourceTree = "<group>";
		};
		E9CA75DD2847B06C00C6DE45 /* Cells */ = {
			isa = PBXGroup;
			children = (
				E9D4C3432850B85700825C89 /* AvatarView.swift */,
				E9D4C3462850B87C00825C89 /* AvatarView.xib */,
				E9F3AF67284DEE8A003710B3 /* PhotoCollectionViewCell.swift */,
				E9F3AF68284DEE8A003710B3 /* PhotoCollectionViewCell.xib */,
			);
			path = Cells;
			sourceTree = "<group>";
		};
/* End PBXGroup section */

/* Begin PBXNativeTarget section */
		E96F4CEF2837DC89008396D2 /* vk */ = {
			isa = PBXNativeTarget;
			buildConfigurationList = E96F4D042837DC8D008396D2 /* Build configuration list for PBXNativeTarget "vk" */;
			buildPhases = (
				A3C7FCA677439E7CDC5632C5 /* [CP] Check Pods Manifest.lock */,
				E96F4CEC2837DC89008396D2 /* Sources */,
				E96F4CED2837DC89008396D2 /* Frameworks */,
				E96F4CEE2837DC89008396D2 /* Resources */,
				31DDE48D03A4F8440CA0855F /* [CP] Embed Pods Frameworks */,
			);
			buildRules = (
			);
			dependencies = (
			);
			name = vk;
			productName = vk;
			productReference = E96F4CF02837DC89008396D2 /* vk.app */;
			productType = "com.apple.product-type.application";
		};
/* End PBXNativeTarget section */

/* Begin PBXProject section */
		E96F4CE82837DC89008396D2 /* Project object */ = {
			isa = PBXProject;
			attributes = {
				BuildIndependentTargetsInParallel = 1;
				LastSwiftUpdateCheck = 1330;
				LastUpgradeCheck = 1330;
				TargetAttributes = {
					E96F4CEF2837DC89008396D2 = {
						CreatedOnToolsVersion = 13.3.1;
					};
				};
			};
			buildConfigurationList = E96F4CEB2837DC89008396D2 /* Build configuration list for PBXProject "vk" */;
			compatibilityVersion = "Xcode 13.0";
			developmentRegion = en;
			hasScannedForEncodings = 0;
			knownRegions = (
				en,
				Base,
			);
			mainGroup = E96F4CE72837DC89008396D2;
			productRefGroup = E96F4CF12837DC89008396D2 /* Products */;
			projectDirPath = "";
			projectRoot = "";
			targets = (
				E96F4CEF2837DC89008396D2 /* vk */,
			);
		};
/* End PBXProject section */

/* Begin PBXResourcesBuildPhase section */
		E96F4CEE2837DC89008396D2 /* Resources */ = {
			isa = PBXResourcesBuildPhase;
			buildActionMask = 2147483647;
			files = (
				E96F4D002837DC8D008396D2 /* LaunchScreen.storyboard in Resources */,
				E9F3AF6A284DEE8A003710B3 /* PhotoCollectionViewCell.xib in Resources */,
				E96F4CFD2837DC8D008396D2 /* Assets.xcassets in Resources */,
				E99361D7289AFF89001C671D /* FriendTableViewCell.xib in Resources */,
				E9D4C3472850B87C00825C89 /* AvatarView.xib in Resources */,
				E9C4F313289C560300857AA4 /* GroupTableViewCell.xib in Resources */,
				E96F4CFB2837DC89008396D2 /* Main.storyboard in Resources */,
			);
			runOnlyForDeploymentPostprocessing = 0;
		};
/* End PBXResourcesBuildPhase section */

/* Begin PBXShellScriptBuildPhase section */
		31DDE48D03A4F8440CA0855F /* [CP] Embed Pods Frameworks */ = {
			isa = PBXShellScriptBuildPhase;
			buildActionMask = 2147483647;
			files = (
			);
			inputFileListPaths = (
				"${PODS_ROOT}/Target Support Files/Pods-vk/Pods-vk-frameworks-${CONFIGURATION}-input-files.xcfilelist",
			);
			name = "[CP] Embed Pods Frameworks";
			outputFileListPaths = (
				"${PODS_ROOT}/Target Support Files/Pods-vk/Pods-vk-frameworks-${CONFIGURATION}-output-files.xcfilelist",
			);
			runOnlyForDeploymentPostprocessing = 0;
			shellPath = /bin/sh;
			shellScript = "\"${PODS_ROOT}/Target Support Files/Pods-vk/Pods-vk-frameworks.sh\"\n";
			showEnvVarsInLog = 0;
		};
		A3C7FCA677439E7CDC5632C5 /* [CP] Check Pods Manifest.lock */ = {
			isa = PBXShellScriptBuildPhase;
			buildActionMask = 2147483647;
			files = (
			);
			inputFileListPaths = (
			);
			inputPaths = (
				"${PODS_PODFILE_DIR_PATH}/Podfile.lock",
				"${PODS_ROOT}/Manifest.lock",
			);
			name = "[CP] Check Pods Manifest.lock";
			outputFileListPaths = (
			);
			outputPaths = (
				"$(DERIVED_FILE_DIR)/Pods-vk-checkManifestLockResult.txt",
			);
			runOnlyForDeploymentPostprocessing = 0;
			shellPath = /bin/sh;
			shellScript = "diff \"${PODS_PODFILE_DIR_PATH}/Podfile.lock\" \"${PODS_ROOT}/Manifest.lock\" > /dev/null\nif [ $? != 0 ] ; then\n    # print error to STDERR\n    echo \"error: The sandbox is not in sync with the Podfile.lock. Run 'pod install' or update your CocoaPods installation.\" >&2\n    exit 1\nfi\n# This output is used by Xcode 'outputs' to avoid re-running this script phase.\necho \"SUCCESS\" > \"${SCRIPT_OUTPUT_FILE_0}\"\n";
			showEnvVarsInLog = 0;
		};
/* End PBXShellScriptBuildPhase section */

/* Begin PBXSourcesBuildPhase section */
		E96F4CEC2837DC89008396D2 /* Sources */ = {
			isa = PBXSourcesBuildPhase;
			buildActionMask = 2147483647;
			files = (
				E9C4F312289C560300857AA4 /* GroupTableViewCell.swift in Sources */,
				E9E38D6B287F33C1006D8314 /* UserData.swift in Sources */,
				E9D4C3442850B85700825C89 /* AvatarView.swift in Sources */,
				E9F3AF69284DEE8A003710B3 /* PhotoCollectionViewCell.swift in Sources */,
				E96B91622845650200960540 /* MyGroupsViewController.swift in Sources */,
				E9E38D6D287F351A006D8314 /* VKPhoto.swift in Sources */,
				E91E56DD28A17BC80085D7EC /* City.swift in Sources */,
				E91E56CE28A173BB0085D7EC /* RealmFriend.swift in Sources */,
				E9E38D67287F0075006D8314 /* VKFriend.swift in Sources */,
				E975C48E287B4406000C55F6 /* Networker.swift in Sources */,
				E9186E1F287C4D6700B81856 /* WKWebViewController.swift in Sources */,
				E91E56D928A176480085D7EC /* Gate.swift in Sources */,
				E99361D6289AFF89001C671D /* FriendTableViewCell.swift in Sources */,
				E9E38D69287F02D4006D8314 /* VKResponse.swift in Sources */,
				E91E56D128A1749E0085D7EC /* RealmCity.swift in Sources */,
				E9E38D71287F3B79006D8314 /* VKGroup.swift in Sources */,
				E91E56DB28A17B5B0085D7EC /* Friend.swift in Sources */,
				E9E38D6F287F3721006D8314 /* VKPhotoSize.swift in Sources */,
				E967BDE4284C9F7100B6C2B2 /* Resources.swift in Sources */,
				E9A813AF28A40C95007DCAB4 /* ImageFromVK.swift in Sources */,
				E9C4F315289C5D2A00857AA4 /* GroupViewController.swift in Sources */,
				E91E56D728A1758F0085D7EC /* RealmGroup.swift in Sources */,
				E96B91662845677200960540 /* MyFiendsViewController.swift in Sources */,
				E91E56DF28A1B5AD0085D7EC /* Group.swift in Sources */,
				E9E6DA662875BA44005E3E8B /* Session.swift in Sources */,
				E96F4CF42837DC89008396D2 /* AppDelegate.swift in Sources */,
				E99361DD289B1AFF001C671D /* FriendViewController.swift in Sources */,
				E96F4CF62837DC89008396D2 /* SceneDelegate.swift in Sources */,
				E99361DB289B19BA001C671D /* VKLastSeen.swift in Sources */,
				E99361D9289B0074001C671D /* VKCity.swift in Sources */,
			);
			runOnlyForDeploymentPostprocessing = 0;
		};
/* End PBXSourcesBuildPhase section */

/* Begin PBXVariantGroup section */
		E96F4CF92837DC89008396D2 /* Main.storyboard */ = {
			isa = PBXVariantGroup;
			children = (
				E96F4CFA2837DC89008396D2 /* Base */,
			);
			name = Main.storyboard;
			sourceTree = "<group>";
		};
		E96F4CFE2837DC8D008396D2 /* LaunchScreen.storyboard */ = {
			isa = PBXVariantGroup;
			children = (
				E96F4CFF2837DC8D008396D2 /* Base */,
			);
			name = LaunchScreen.storyboard;
			sourceTree = "<group>";
		};
/* End PBXVariantGroup section */

/* Begin XCBuildConfiguration section */
		E96F4D022837DC8D008396D2 /* Debug */ = {
			isa = XCBuildConfiguration;
			buildSettings = {
				ALWAYS_SEARCH_USER_PATHS = NO;
				CLANG_ANALYZER_NONNULL = YES;
				CLANG_ANALYZER_NUMBER_OBJECT_CONVERSION = YES_AGGRESSIVE;
				CLANG_CXX_LANGUAGE_STANDARD = "gnu++17";
				CLANG_ENABLE_MODULES = YES;
				CLANG_ENABLE_OBJC_ARC = YES;
				CLANG_ENABLE_OBJC_WEAK = YES;
				CLANG_WARN_BLOCK_CAPTURE_AUTORELEASING = YES;
				CLANG_WARN_BOOL_CONVERSION = YES;
				CLANG_WARN_COMMA = YES;
				CLANG_WARN_CONSTANT_CONVERSION = YES;
				CLANG_WARN_DEPRECATED_OBJC_IMPLEMENTATIONS = YES;
				CLANG_WARN_DIRECT_OBJC_ISA_USAGE = YES_ERROR;
				CLANG_WARN_DOCUMENTATION_COMMENTS = YES;
				CLANG_WARN_EMPTY_BODY = YES;
				CLANG_WARN_ENUM_CONVERSION = YES;
				CLANG_WARN_INFINITE_RECURSION = YES;
				CLANG_WARN_INT_CONVERSION = YES;
				CLANG_WARN_NON_LITERAL_NULL_CONVERSION = YES;
				CLANG_WARN_OBJC_IMPLICIT_RETAIN_SELF = YES;
				CLANG_WARN_OBJC_LITERAL_CONVERSION = YES;
				CLANG_WARN_OBJC_ROOT_CLASS = YES_ERROR;
				CLANG_WARN_QUOTED_INCLUDE_IN_FRAMEWORK_HEADER = YES;
				CLANG_WARN_RANGE_LOOP_ANALYSIS = YES;
				CLANG_WARN_STRICT_PROTOTYPES = YES;
				CLANG_WARN_SUSPICIOUS_MOVE = YES;
				CLANG_WARN_UNGUARDED_AVAILABILITY = YES_AGGRESSIVE;
				CLANG_WARN_UNREACHABLE_CODE = YES;
				CLANG_WARN__DUPLICATE_METHOD_MATCH = YES;
				COPY_PHASE_STRIP = NO;
				DEBUG_INFORMATION_FORMAT = dwarf;
				ENABLE_STRICT_OBJC_MSGSEND = YES;
				ENABLE_TESTABILITY = YES;
				GCC_C_LANGUAGE_STANDARD = gnu11;
				GCC_DYNAMIC_NO_PIC = NO;
				GCC_NO_COMMON_BLOCKS = YES;
				GCC_OPTIMIZATION_LEVEL = 0;
				GCC_PREPROCESSOR_DEFINITIONS = (
					"DEBUG=1",
					"$(inherited)",
				);
				GCC_WARN_64_TO_32_BIT_CONVERSION = YES;
				GCC_WARN_ABOUT_RETURN_TYPE = YES_ERROR;
				GCC_WARN_UNDECLARED_SELECTOR = YES;
				GCC_WARN_UNINITIALIZED_AUTOS = YES_AGGRESSIVE;
				GCC_WARN_UNUSED_FUNCTION = YES;
				GCC_WARN_UNUSED_VARIABLE = YES;
				IPHONEOS_DEPLOYMENT_TARGET = 15.4;
				MTL_ENABLE_DEBUG_INFO = INCLUDE_SOURCE;
				MTL_FAST_MATH = YES;
				ONLY_ACTIVE_ARCH = YES;
				SDKROOT = iphoneos;
				SWIFT_ACTIVE_COMPILATION_CONDITIONS = DEBUG;
				SWIFT_OPTIMIZATION_LEVEL = "-Onone";
			};
			name = Debug;
		};
		E96F4D032837DC8D008396D2 /* Release */ = {
			isa = XCBuildConfiguration;
			buildSettings = {
				ALWAYS_SEARCH_USER_PATHS = NO;
				CLANG_ANALYZER_NONNULL = YES;
				CLANG_ANALYZER_NUMBER_OBJECT_CONVERSION = YES_AGGRESSIVE;
				CLANG_CXX_LANGUAGE_STANDARD = "gnu++17";
				CLANG_ENABLE_MODULES = YES;
				CLANG_ENABLE_OBJC_ARC = YES;
				CLANG_ENABLE_OBJC_WEAK = YES;
				CLANG_WARN_BLOCK_CAPTURE_AUTORELEASING = YES;
				CLANG_WARN_BOOL_CONVERSION = YES;
				CLANG_WARN_COMMA = YES;
				CLANG_WARN_CONSTANT_CONVERSION = YES;
				CLANG_WARN_DEPRECATED_OBJC_IMPLEMENTATIONS = YES;
				CLANG_WARN_DIRECT_OBJC_ISA_USAGE = YES_ERROR;
				CLANG_WARN_DOCUMENTATION_COMMENTS = YES;
				CLANG_WARN_EMPTY_BODY = YES;
				CLANG_WARN_ENUM_CONVERSION = YES;
				CLANG_WARN_INFINITE_RECURSION = YES;
				CLANG_WARN_INT_CONVERSION = YES;
				CLANG_WARN_NON_LITERAL_NULL_CONVERSION = YES;
				CLANG_WARN_OBJC_IMPLICIT_RETAIN_SELF = YES;
				CLANG_WARN_OBJC_LITERAL_CONVERSION = YES;
				CLANG_WARN_OBJC_ROOT_CLASS = YES_ERROR;
				CLANG_WARN_QUOTED_INCLUDE_IN_FRAMEWORK_HEADER = YES;
				CLANG_WARN_RANGE_LOOP_ANALYSIS = YES;
				CLANG_WARN_STRICT_PROTOTYPES = YES;
				CLANG_WARN_SUSPICIOUS_MOVE = YES;
				CLANG_WARN_UNGUARDED_AVAILABILITY = YES_AGGRESSIVE;
				CLANG_WARN_UNREACHABLE_CODE = YES;
				CLANG_WARN__DUPLICATE_METHOD_MATCH = YES;
				COPY_PHASE_STRIP = NO;
				DEBUG_INFORMATION_FORMAT = "dwarf-with-dsym";
				ENABLE_NS_ASSERTIONS = NO;
				ENABLE_STRICT_OBJC_MSGSEND = YES;
				GCC_C_LANGUAGE_STANDARD = gnu11;
				GCC_NO_COMMON_BLOCKS = YES;
				GCC_WARN_64_TO_32_BIT_CONVERSION = YES;
				GCC_WARN_ABOUT_RETURN_TYPE = YES_ERROR;
				GCC_WARN_UNDECLARED_SELECTOR = YES;
				GCC_WARN_UNINITIALIZED_AUTOS = YES_AGGRESSIVE;
				GCC_WARN_UNUSED_FUNCTION = YES;
				GCC_WARN_UNUSED_VARIABLE = YES;
				IPHONEOS_DEPLOYMENT_TARGET = 15.4;
				MTL_ENABLE_DEBUG_INFO = NO;
				MTL_FAST_MATH = YES;
				SDKROOT = iphoneos;
				SWIFT_COMPILATION_MODE = wholemodule;
				SWIFT_OPTIMIZATION_LEVEL = "-O";
				VALIDATE_PRODUCT = YES;
			};
			name = Release;
		};
		E96F4D052837DC8D008396D2 /* Debug */ = {
			isa = XCBuildConfiguration;
			baseConfigurationReference = F69E18D467A617516BA6BD82 /* Pods-vk.debug.xcconfig */;
			buildSettings = {
				ASSETCATALOG_COMPILER_APPICON_NAME = AppIcon;
				ASSETCATALOG_COMPILER_GLOBAL_ACCENT_COLOR_NAME = AccentColor;
				CODE_SIGN_STYLE = Automatic;
				CURRENT_PROJECT_VERSION = 1;
				DEVELOPMENT_TEAM = T485BBUDS7;
				GENERATE_INFOPLIST_FILE = YES;
				INFOPLIST_FILE = vk/Info.plist;
				INFOPLIST_KEY_UIApplicationSupportsIndirectInputEvents = YES;
				INFOPLIST_KEY_UILaunchStoryboardName = LaunchScreen;
				INFOPLIST_KEY_UIMainStoryboardFile = Main;
				INFOPLIST_KEY_UISupportedInterfaceOrientations = "UIInterfaceOrientationPortrait UIInterfaceOrientationLandscapeLeft UIInterfaceOrientationLandscapeRight UIInterfaceOrientationPortraitUpsideDown";
				INFOPLIST_KEY_UISupportedInterfaceOrientations_iPad = "UIInterfaceOrientationPortrait UIInterfaceOrientationPortraitUpsideDown UIInterfaceOrientationLandscapeLeft UIInterfaceOrientationLandscapeRight";
				INFOPLIST_KEY_UISupportedInterfaceOrientations_iPhone = "UIInterfaceOrientationPortrait UIInterfaceOrientationLandscapeLeft UIInterfaceOrientationLandscapeRight";
				LD_RUNPATH_SEARCH_PATHS = (
					"$(inherited)",
					"@executable_path/Frameworks",
				);
				MARKETING_VERSION = 1.0;
				PRODUCT_BUNDLE_IDENTIFIER = "swift-gb.vk";
				PRODUCT_NAME = "$(TARGET_NAME)";
				SWIFT_EMIT_LOC_STRINGS = YES;
				SWIFT_VERSION = 5.0;
				TARGETED_DEVICE_FAMILY = "1,2";
			};
			name = Debug;
		};
		E96F4D062837DC8D008396D2 /* Release */ = {
			isa = XCBuildConfiguration;
			baseConfigurationReference = DCA0EBAEFF917C5553CB4490 /* Pods-vk.release.xcconfig */;
			buildSettings = {
				ASSETCATALOG_COMPILER_APPICON_NAME = AppIcon;
				ASSETCATALOG_COMPILER_GLOBAL_ACCENT_COLOR_NAME = AccentColor;
				CODE_SIGN_STYLE = Automatic;
				CURRENT_PROJECT_VERSION = 1;
				DEVELOPMENT_TEAM = T485BBUDS7;
				GENERATE_INFOPLIST_FILE = YES;
				INFOPLIST_FILE = vk/Info.plist;
				INFOPLIST_KEY_UIApplicationSupportsIndirectInputEvents = YES;
				INFOPLIST_KEY_UILaunchStoryboardName = LaunchScreen;
				INFOPLIST_KEY_UIMainStoryboardFile = Main;
				INFOPLIST_KEY_UISupportedInterfaceOrientations = "UIInterfaceOrientationPortrait UIInterfaceOrientationLandscapeLeft UIInterfaceOrientationLandscapeRight UIInterfaceOrientationPortraitUpsideDown";
				INFOPLIST_KEY_UISupportedInterfaceOrientations_iPad = "UIInterfaceOrientationPortrait UIInterfaceOrientationPortraitUpsideDown UIInterfaceOrientationLandscapeLeft UIInterfaceOrientationLandscapeRight";
				INFOPLIST_KEY_UISupportedInterfaceOrientations_iPhone = "UIInterfaceOrientationPortrait UIInterfaceOrientationLandscapeLeft UIInterfaceOrientationLandscapeRight";
				LD_RUNPATH_SEARCH_PATHS = (
					"$(inherited)",
					"@executable_path/Frameworks",
				);
				MARKETING_VERSION = 1.0;
				PRODUCT_BUNDLE_IDENTIFIER = "swift-gb.vk";
				PRODUCT_NAME = "$(TARGET_NAME)";
				SWIFT_EMIT_LOC_STRINGS = YES;
				SWIFT_VERSION = 5.0;
				TARGETED_DEVICE_FAMILY = "1,2";
			};
			name = Release;
		};
/* End XCBuildConfiguration section */

/* Begin XCConfigurationList section */
		E96F4CEB2837DC89008396D2 /* Build configuration list for PBXProject "vk" */ = {
			isa = XCConfigurationList;
			buildConfigurations = (
				E96F4D022837DC8D008396D2 /* Debug */,
				E96F4D032837DC8D008396D2 /* Release */,
			);
			defaultConfigurationIsVisible = 0;
			defaultConfigurationName = Release;
		};
		E96F4D042837DC8D008396D2 /* Build configuration list for PBXNativeTarget "vk" */ = {
			isa = XCConfigurationList;
			buildConfigurations = (
				E96F4D052837DC8D008396D2 /* Debug */,
				E96F4D062837DC8D008396D2 /* Release */,
			);
			defaultConfigurationIsVisible = 0;
			defaultConfigurationName = Release;
		};
/* End XCConfigurationList section */
	};
	rootObject = E96F4CE82837DC89008396D2 /* Project object */;
}
